// !$*UTF8*$!
{
	archiveVersion = 1;
	classes = {
	};
	objectVersion = 55;
	objects = {

/* Begin PBXBuildFile section */
		80FBFC0C2EDBE9B758A39011 /* Pods_YGUITestTests.framework in Frameworks */ = {isa = PBXBuildFile; fileRef = A442722B40EA01032E6461AB /* Pods_YGUITestTests.framework */; };
		B2E46041015F7E52AFF0C62F /* Pods_YGUITest_YGUITestUITests.framework in Frameworks */ = {isa = PBXBuildFile; fileRef = 124B16CAB54CB5A7FD0FBEA3 /* Pods_YGUITest_YGUITestUITests.framework */; };
		C7829A312844F06D009B4BED /* AppDelegate.swift in Sources */ = {isa = PBXBuildFile; fileRef = C7829A302844F06D009B4BED /* AppDelegate.swift */; };
		C7829A332844F06D009B4BED /* SceneDelegate.swift in Sources */ = {isa = PBXBuildFile; fileRef = C7829A322844F06D009B4BED /* SceneDelegate.swift */; };
		C7829A352844F06D009B4BED /* ViewController.swift in Sources */ = {isa = PBXBuildFile; fileRef = C7829A342844F06D009B4BED /* ViewController.swift */; };
		C7829A382844F06D009B4BED /* Main.storyboard in Resources */ = {isa = PBXBuildFile; fileRef = C7829A362844F06D009B4BED /* Main.storyboard */; };
		C7829A3A2844F06F009B4BED /* Assets.xcassets in Resources */ = {isa = PBXBuildFile; fileRef = C7829A392844F06F009B4BED /* Assets.xcassets */; };
		C7829A3D2844F06F009B4BED /* LaunchScreen.storyboard in Resources */ = {isa = PBXBuildFile; fileRef = C7829A3B2844F06F009B4BED /* LaunchScreen.storyboard */; };
		C7829A482844F06F009B4BED /* YGUITestTests.swift in Sources */ = {isa = PBXBuildFile; fileRef = C7829A472844F06F009B4BED /* YGUITestTests.swift */; };
		C7829A522844F06F009B4BED /* YGUITestUITests.swift in Sources */ = {isa = PBXBuildFile; fileRef = C7829A512844F06F009B4BED /* YGUITestUITests.swift */; };
		C7829A542844F06F009B4BED /* YGUITestUITestsLaunchTests.swift in Sources */ = {isa = PBXBuildFile; fileRef = C7829A532844F06F009B4BED /* YGUITestUITestsLaunchTests.swift */; };
		D45E725ACD1504378266E3B1 /* Pods_YGUITest.framework in Frameworks */ = {isa = PBXBuildFile; fileRef = 2652332CAA47EC827FB7460C /* Pods_YGUITest.framework */; };
/* End PBXBuildFile section */

/* Begin PBXContainerItemProxy section */
		C7829A442844F06F009B4BED /* PBXContainerItemProxy */ = {
			isa = PBXContainerItemProxy;
			containerPortal = C7829A252844F06D009B4BED /* Project object */;
			proxyType = 1;
			remoteGlobalIDString = C7829A2C2844F06D009B4BED;
			remoteInfo = YGUITest;
		};
		C7829A4E2844F06F009B4BED /* PBXContainerItemProxy */ = {
			isa = PBXContainerItemProxy;
			containerPortal = C7829A252844F06D009B4BED /* Project object */;
			proxyType = 1;
			remoteGlobalIDString = C7829A2C2844F06D009B4BED;
			remoteInfo = YGUITest;
		};
/* End PBXContainerItemProxy section */

/* Begin PBXFileReference section */
		124B16CAB54CB5A7FD0FBEA3 /* Pods_YGUITest_YGUITestUITests.framework */ = {isa = PBXFileReference; explicitFileType = wrapper.framework; includeInIndex = 0; path = Pods_YGUITest_YGUITestUITests.framework; sourceTree = BUILT_PRODUCTS_DIR; };
		25DD32E123783D807EC5FF59 /* Pods-YGUITest-YGUITestUITests.release.xcconfig */ = {isa = PBXFileReference; includeInIndex = 1; lastKnownFileType = text.xcconfig; name = "Pods-YGUITest-YGUITestUITests.release.xcconfig"; path = "Target Support Files/Pods-YGUITest-YGUITestUITests/Pods-YGUITest-YGUITestUITests.release.xcconfig"; sourceTree = "<group>"; };
		2652332CAA47EC827FB7460C /* Pods_YGUITest.framework */ = {isa = PBXFileReference; explicitFileType = wrapper.framework; includeInIndex = 0; path = Pods_YGUITest.framework; sourceTree = BUILT_PRODUCTS_DIR; };
		30CBB0FA103E99B9C3902A7E /* Pods-YGUITestTests.debug.xcconfig */ = {isa = PBXFileReference; includeInIndex = 1; lastKnownFileType = text.xcconfig; name = "Pods-YGUITestTests.debug.xcconfig"; path = "Target Support Files/Pods-YGUITestTests/Pods-YGUITestTests.debug.xcconfig"; sourceTree = "<group>"; };
		41930F460AAD3AD89C497DFE /* Pods-YGUITest.release.xcconfig */ = {isa = PBXFileReference; includeInIndex = 1; lastKnownFileType = text.xcconfig; name = "Pods-YGUITest.release.xcconfig"; path = "Target Support Files/Pods-YGUITest/Pods-YGUITest.release.xcconfig"; sourceTree = "<group>"; };
		83A17C711BC6FA41535C080E /* Pods-YGUITest.debug.xcconfig */ = {isa = PBXFileReference; includeInIndex = 1; lastKnownFileType = text.xcconfig; name = "Pods-YGUITest.debug.xcconfig"; path = "Target Support Files/Pods-YGUITest/Pods-YGUITest.debug.xcconfig"; sourceTree = "<group>"; };
		A442722B40EA01032E6461AB /* Pods_YGUITestTests.framework */ = {isa = PBXFileReference; explicitFileType = wrapper.framework; includeInIndex = 0; path = Pods_YGUITestTests.framework; sourceTree = BUILT_PRODUCTS_DIR; };
		BEE61C0581029E2F2B6F8ADB /* Pods-YGUITest-YGUITestUITests.debug.xcconfig */ = {isa = PBXFileReference; includeInIndex = 1; lastKnownFileType = text.xcconfig; name = "Pods-YGUITest-YGUITestUITests.debug.xcconfig"; path = "Target Support Files/Pods-YGUITest-YGUITestUITests/Pods-YGUITest-YGUITestUITests.debug.xcconfig"; sourceTree = "<group>"; };
		C7829A2D2844F06D009B4BED /* YGUITest.app */ = {isa = PBXFileReference; explicitFileType = wrapper.application; includeInIndex = 0; path = YGUITest.app; sourceTree = BUILT_PRODUCTS_DIR; };
		C7829A302844F06D009B4BED /* AppDelegate.swift */ = {isa = PBXFileReference; lastKnownFileType = sourcecode.swift; path = AppDelegate.swift; sourceTree = "<group>"; };
		C7829A322844F06D009B4BED /* SceneDelegate.swift */ = {isa = PBXFileReference; lastKnownFileType = sourcecode.swift; path = SceneDelegate.swift; sourceTree = "<group>"; };
		C7829A342844F06D009B4BED /* ViewController.swift */ = {isa = PBXFileReference; lastKnownFileType = sourcecode.swift; path = ViewController.swift; sourceTree = "<group>"; };
		C7829A372844F06D009B4BED /* Base */ = {isa = PBXFileReference; lastKnownFileType = file.storyboard; name = Base; path = Base.lproj/Main.storyboard; sourceTree = "<group>"; };
		C7829A392844F06F009B4BED /* Assets.xcassets */ = {isa = PBXFileReference; lastKnownFileType = folder.assetcatalog; path = Assets.xcassets; sourceTree = "<group>"; };
		C7829A3C2844F06F009B4BED /* Base */ = {isa = PBXFileReference; lastKnownFileType = file.storyboard; name = Base; path = Base.lproj/LaunchScreen.storyboard; sourceTree = "<group>"; };
		C7829A3E2844F06F009B4BED /* Info.plist */ = {isa = PBXFileReference; lastKnownFileType = text.plist.xml; path = Info.plist; sourceTree = "<group>"; };
		C7829A432844F06F009B4BED /* YGUITestTests.xctest */ = {isa = PBXFileReference; explicitFileType = wrapper.cfbundle; includeInIndex = 0; path = YGUITestTests.xctest; sourceTree = BUILT_PRODUCTS_DIR; };
		C7829A472844F06F009B4BED /* YGUITestTests.swift */ = {isa = PBXFileReference; lastKnownFileType = sourcecode.swift; path = YGUITestTests.swift; sourceTree = "<group>"; };
		C7829A4D2844F06F009B4BED /* YGUITestUITests.xctest */ = {isa = PBXFileReference; explicitFileType = wrapper.cfbundle; includeInIndex = 0; path = YGUITestUITests.xctest; sourceTree = BUILT_PRODUCTS_DIR; };
		C7829A512844F06F009B4BED /* YGUITestUITests.swift */ = {isa = PBXFileReference; lastKnownFileType = sourcecode.swift; path = YGUITestUITests.swift; sourceTree = "<group>"; };
		C7829A532844F06F009B4BED /* YGUITestUITestsLaunchTests.swift */ = {isa = PBXFileReference; lastKnownFileType = sourcecode.swift; path = YGUITestUITestsLaunchTests.swift; sourceTree = "<group>"; };
		C7D43D1AA8BE9F6E532B7E96 /* Pods-YGUITestTests.release.xcconfig */ = {isa = PBXFileReference; includeInIndex = 1; lastKnownFileType = text.xcconfig; name = "Pods-YGUITestTests.release.xcconfig"; path = "Target Support Files/Pods-YGUITestTests/Pods-YGUITestTests.release.xcconfig"; sourceTree = "<group>"; };
/* End PBXFileReference section */

/* Begin PBXFrameworksBuildPhase section */
		C7829A2A2844F06D009B4BED /* Frameworks */ = {
			isa = PBXFrameworksBuildPhase;
			buildActionMask = 2147483647;
			files = (
				D45E725ACD1504378266E3B1 /* Pods_YGUITest.framework in Frameworks */,
			);
			runOnlyForDeploymentPostprocessing = 0;
		};
		C7829A402844F06F009B4BED /* Frameworks */ = {
			isa = PBXFrameworksBuildPhase;
			buildActionMask = 2147483647;
			files = (
				80FBFC0C2EDBE9B758A39011 /* Pods_YGUITestTests.framework in Frameworks */,
			);
			runOnlyForDeploymentPostprocessing = 0;
		};
		C7829A4A2844F06F009B4BED /* Frameworks */ = {
			isa = PBXFrameworksBuildPhase;
			buildActionMask = 2147483647;
			files = (
				B2E46041015F7E52AFF0C62F /* Pods_YGUITest_YGUITestUITests.framework in Frameworks */,
			);
			runOnlyForDeploymentPostprocessing = 0;
		};
/* End PBXFrameworksBuildPhase section */

/* Begin PBXGroup section */
		49D8D7AE0909F3339A4882B7 /* Frameworks */ = {
			isa = PBXGroup;
			children = (
				2652332CAA47EC827FB7460C /* Pods_YGUITest.framework */,
				124B16CAB54CB5A7FD0FBEA3 /* Pods_YGUITest_YGUITestUITests.framework */,
				A442722B40EA01032E6461AB /* Pods_YGUITestTests.framework */,
			);
			name = Frameworks;
			sourceTree = "<group>";
		};
		C7829A242844F06D009B4BED = {
			isa = PBXGroup;
			children = (
				C7829A2F2844F06D009B4BED /* YGUITest */,
				C7829A462844F06F009B4BED /* YGUITestTests */,
				C7829A502844F06F009B4BED /* YGUITestUITests */,
				C7829A2E2844F06D009B4BED /* Products */,
				DEB7794C9F2990668E32AF05 /* Pods */,
				49D8D7AE0909F3339A4882B7 /* Frameworks */,
			);
			sourceTree = "<group>";
		};
		C7829A2E2844F06D009B4BED /* Products */ = {
			isa = PBXGroup;
			children = (
				C7829A2D2844F06D009B4BED /* YGUITest.app */,
				C7829A432844F06F009B4BED /* YGUITestTests.xctest */,
				C7829A4D2844F06F009B4BED /* YGUITestUITests.xctest */,
			);
			name = Products;
			sourceTree = "<group>";
		};
		C7829A2F2844F06D009B4BED /* YGUITest */ = {
			isa = PBXGroup;
			children = (
				C7829A302844F06D009B4BED /* AppDelegate.swift */,
				C7829A322844F06D009B4BED /* SceneDelegate.swift */,
				C7829A342844F06D009B4BED /* ViewController.swift */,
				C7829A362844F06D009B4BED /* Main.storyboard */,
				C7829A392844F06F009B4BED /* Assets.xcassets */,
				C7829A3B2844F06F009B4BED /* LaunchScreen.storyboard */,
				C7829A3E2844F06F009B4BED /* Info.plist */,
			);
			path = YGUITest;
			sourceTree = "<group>";
		};
		C7829A462844F06F009B4BED /* YGUITestTests */ = {
			isa = PBXGroup;
			children = (
				C7829A472844F06F009B4BED /* YGUITestTests.swift */,
			);
			path = YGUITestTests;
			sourceTree = "<group>";
		};
		C7829A502844F06F009B4BED /* YGUITestUITests */ = {
			isa = PBXGroup;
			children = (
				C7829A512844F06F009B4BED /* YGUITestUITests.swift */,
				C7829A532844F06F009B4BED /* YGUITestUITestsLaunchTests.swift */,
			);
			path = YGUITestUITests;
			sourceTree = "<group>";
		};
		DEB7794C9F2990668E32AF05 /* Pods */ = {
			isa = PBXGroup;
			children = (
				83A17C711BC6FA41535C080E /* Pods-YGUITest.debug.xcconfig */,
				41930F460AAD3AD89C497DFE /* Pods-YGUITest.release.xcconfig */,
				BEE61C0581029E2F2B6F8ADB /* Pods-YGUITest-YGUITestUITests.debug.xcconfig */,
				25DD32E123783D807EC5FF59 /* Pods-YGUITest-YGUITestUITests.release.xcconfig */,
				30CBB0FA103E99B9C3902A7E /* Pods-YGUITestTests.debug.xcconfig */,
				C7D43D1AA8BE9F6E532B7E96 /* Pods-YGUITestTests.release.xcconfig */,
			);
			name = Pods;
			path = Pods;
			sourceTree = "<group>";
		};
/* End PBXGroup section */

/* Begin PBXNativeTarget section */
		C7829A2C2844F06D009B4BED /* YGUITest */ = {
			isa = PBXNativeTarget;
			buildConfigurationList = C7829A572844F06F009B4BED /* Build configuration list for PBXNativeTarget "YGUITest" */;
			buildPhases = (
				101C66A74FF1F0AA8F81E1D9 /* [CP] Check Pods Manifest.lock */,
				C7829A292844F06D009B4BED /* Sources */,
				C7829A2A2844F06D009B4BED /* Frameworks */,
				C7829A2B2844F06D009B4BED /* Resources */,
				E705B12173FB948EE65D8ADF /* [CP] Embed Pods Frameworks */,
			);
			buildRules = (
			);
			dependencies = (
			);
			name = YGUITest;
			productName = YGUITest;
			productReference = C7829A2D2844F06D009B4BED /* YGUITest.app */;
			productType = "com.apple.product-type.application";
		};
		C7829A422844F06F009B4BED /* YGUITestTests */ = {
			isa = PBXNativeTarget;
			buildConfigurationList = C7829A5A2844F06F009B4BED /* Build configuration list for PBXNativeTarget "YGUITestTests" */;
			buildPhases = (
				129CA3117AE1F528024074B9 /* [CP] Check Pods Manifest.lock */,
				C7829A3F2844F06F009B4BED /* Sources */,
				C7829A402844F06F009B4BED /* Frameworks */,
				C7829A412844F06F009B4BED /* Resources */,
			);
			buildRules = (
			);
			dependencies = (
				C7829A452844F06F009B4BED /* PBXTargetDependency */,
			);
			name = YGUITestTests;
			productName = YGUITestTests;
			productReference = C7829A432844F06F009B4BED /* YGUITestTests.xctest */;
			productType = "com.apple.product-type.bundle.unit-test";
		};
		C7829A4C2844F06F009B4BED /* YGUITestUITests */ = {
			isa = PBXNativeTarget;
			buildConfigurationList = C7829A5D2844F06F009B4BED /* Build configuration list for PBXNativeTarget "YGUITestUITests" */;
			buildPhases = (
				2F722B5CD9A51747111535B9 /* [CP] Check Pods Manifest.lock */,
				C7829A492844F06F009B4BED /* Sources */,
				C7829A4A2844F06F009B4BED /* Frameworks */,
				C7829A4B2844F06F009B4BED /* Resources */,
				5AD5E93C04C42C746F378FF3 /* [CP] Embed Pods Frameworks */,
			);
			buildRules = (
			);
			dependencies = (
				C7829A4F2844F06F009B4BED /* PBXTargetDependency */,
			);
			name = YGUITestUITests;
			productName = YGUITestUITests;
			productReference = C7829A4D2844F06F009B4BED /* YGUITestUITests.xctest */;
			productType = "com.apple.product-type.bundle.ui-testing";
		};
/* End PBXNativeTarget section */

/* Begin PBXProject section */
		C7829A252844F06D009B4BED /* Project object */ = {
			isa = PBXProject;
			attributes = {
				BuildIndependentTargetsInParallel = 1;
				LastSwiftUpdateCheck = 1340;
				LastUpgradeCheck = 1340;
				TargetAttributes = {
					C7829A2C2844F06D009B4BED = {
						CreatedOnToolsVersion = 13.4;
					};
					C7829A422844F06F009B4BED = {
						CreatedOnToolsVersion = 13.4;
						TestTargetID = C7829A2C2844F06D009B4BED;
					};
					C7829A4C2844F06F009B4BED = {
						CreatedOnToolsVersion = 13.4;
						TestTargetID = C7829A2C2844F06D009B4BED;
					};
				};
			};
			buildConfigurationList = C7829A282844F06D009B4BED /* Build configuration list for PBXProject "YGUITest" */;
			compatibilityVersion = "Xcode 13.0";
			developmentRegion = en;
			hasScannedForEncodings = 0;
			knownRegions = (
				en,
				Base,
			);
			mainGroup = C7829A242844F06D009B4BED;
			productRefGroup = C7829A2E2844F06D009B4BED /* Products */;
			projectDirPath = "";
			projectRoot = "";
			targets = (
				C7829A2C2844F06D009B4BED /* YGUITest */,
				C7829A422844F06F009B4BED /* YGUITestTests */,
				C7829A4C2844F06F009B4BED /* YGUITestUITests */,
			);
		};
/* End PBXProject section */

/* Begin PBXResourcesBuildPhase section */
		C7829A2B2844F06D009B4BED /* Resources */ = {
			isa = PBXResourcesBuildPhase;
			buildActionMask = 2147483647;
			files = (
				C7829A3D2844F06F009B4BED /* LaunchScreen.storyboard in Resources */,
				C7829A3A2844F06F009B4BED /* Assets.xcassets in Resources */,
				C7829A382844F06D009B4BED /* Main.storyboard in Resources */,
			);
			runOnlyForDeploymentPostprocessing = 0;
		};
		C7829A412844F06F009B4BED /* Resources */ = {
			isa = PBXResourcesBuildPhase;
			buildActionMask = 2147483647;
			files = (
			);
			runOnlyForDeploymentPostprocessing = 0;
		};
		C7829A4B2844F06F009B4BED /* Resources */ = {
			isa = PBXResourcesBuildPhase;
			buildActionMask = 2147483647;
			files = (
			);
			runOnlyForDeploymentPostprocessing = 0;
		};
/* End PBXResourcesBuildPhase section */

/* Begin PBXShellScriptBuildPhase section */
		101C66A74FF1F0AA8F81E1D9 /* [CP] Check Pods Manifest.lock */ = {
			isa = PBXShellScriptBuildPhase;
			buildActionMask = 2147483647;
			files = (
			);
			inputFileListPaths = (
			);
			inputPaths = (
				"${PODS_PODFILE_DIR_PATH}/Podfile.lock",
				"${PODS_ROOT}/Manifest.lock",
			);
			name = "[CP] Check Pods Manifest.lock";
			outputFileListPaths = (
			);
			outputPaths = (
				"$(DERIVED_FILE_DIR)/Pods-YGUITest-checkManifestLockResult.txt",
			);
			runOnlyForDeploymentPostprocessing = 0;
			shellPath = /bin/sh;
			shellScript = "diff \"${PODS_PODFILE_DIR_PATH}/Podfile.lock\" \"${PODS_ROOT}/Manifest.lock\" > /dev/null\nif [ $? != 0 ] ; then\n    # print error to STDERR\n    echo \"error: The sandbox is not in sync with the Podfile.lock. Run 'pod install' or update your CocoaPods installation.\" >&2\n    exit 1\nfi\n# This output is used by Xcode 'outputs' to avoid re-running this script phase.\necho \"SUCCESS\" > \"${SCRIPT_OUTPUT_FILE_0}\"\n";
			showEnvVarsInLog = 0;
		};
		129CA3117AE1F528024074B9 /* [CP] Check Pods Manifest.lock */ = {
			isa = PBXShellScriptBuildPhase;
			buildActionMask = 2147483647;
			files = (
			);
			inputFileListPaths = (
			);
			inputPaths = (
				"${PODS_PODFILE_DIR_PATH}/Podfile.lock",
				"${PODS_ROOT}/Manifest.lock",
			);
			name = "[CP] Check Pods Manifest.lock";
			outputFileListPaths = (
			);
			outputPaths = (
				"$(DERIVED_FILE_DIR)/Pods-YGUITestTests-checkManifestLockResult.txt",
			);
			runOnlyForDeploymentPostprocessing = 0;
			shellPath = /bin/sh;
			shellScript = "diff \"${PODS_PODFILE_DIR_PATH}/Podfile.lock\" \"${PODS_ROOT}/Manifest.lock\" > /dev/null\nif [ $? != 0 ] ; then\n    # print error to STDERR\n    echo \"error: The sandbox is not in sync with the Podfile.lock. Run 'pod install' or update your CocoaPods installation.\" >&2\n    exit 1\nfi\n# This output is used by Xcode 'outputs' to avoid re-running this script phase.\necho \"SUCCESS\" > \"${SCRIPT_OUTPUT_FILE_0}\"\n";
			showEnvVarsInLog = 0;
		};
		2F722B5CD9A51747111535B9 /* [CP] Check Pods Manifest.lock */ = {
			isa = PBXShellScriptBuildPhase;
			buildActionMask = 2147483647;
			files = (
			);
			inputFileListPaths = (
			);
			inputPaths = (
				"${PODS_PODFILE_DIR_PATH}/Podfile.lock",
				"${PODS_ROOT}/Manifest.lock",
			);
			name = "[CP] Check Pods Manifest.lock";
			outputFileListPaths = (
			);
			outputPaths = (
				"$(DERIVED_FILE_DIR)/Pods-YGUITest-YGUITestUITests-checkManifestLockResult.txt",
			);
			runOnlyForDeploymentPostprocessing = 0;
			shellPath = /bin/sh;
			shellScript = "diff \"${PODS_PODFILE_DIR_PATH}/Podfile.lock\" \"${PODS_ROOT}/Manifest.lock\" > /dev/null\nif [ $? != 0 ] ; then\n    # print error to STDERR\n    echo \"error: The sandbox is not in sync with the Podfile.lock. Run 'pod install' or update your CocoaPods installation.\" >&2\n    exit 1\nfi\n# This output is used by Xcode 'outputs' to avoid re-running this script phase.\necho \"SUCCESS\" > \"${SCRIPT_OUTPUT_FILE_0}\"\n";
			showEnvVarsInLog = 0;
		};
		5AD5E93C04C42C746F378FF3 /* [CP] Embed Pods Frameworks */ = {
			isa = PBXShellScriptBuildPhase;
			buildActionMask = 2147483647;
			files = (
			);
			inputFileListPaths = (
				"${PODS_ROOT}/Target Support Files/Pods-YGUITest-YGUITestUITests/Pods-YGUITest-YGUITestUITests-frameworks-${CONFIGURATION}-input-files.xcfilelist",
			);
			name = "[CP] Embed Pods Frameworks";
			outputFileListPaths = (
				"${PODS_ROOT}/Target Support Files/Pods-YGUITest-YGUITestUITests/Pods-YGUITest-YGUITestUITests-frameworks-${CONFIGURATION}-output-files.xcfilelist",
			);
			runOnlyForDeploymentPostprocessing = 0;
			shellPath = /bin/sh;
			shellScript = "\"${PODS_ROOT}/Target Support Files/Pods-YGUITest-YGUITestUITests/Pods-YGUITest-YGUITestUITests-frameworks.sh\"\n";
			showEnvVarsInLog = 0;
		};
		E705B12173FB948EE65D8ADF /* [CP] Embed Pods Frameworks */ = {
			isa = PBXShellScriptBuildPhase;
			buildActionMask = 2147483647;
			files = (
			);
			inputFileListPaths = (
				"${PODS_ROOT}/Target Support Files/Pods-YGUITest/Pods-YGUITest-frameworks-${CONFIGURATION}-input-files.xcfilelist",
			);
			name = "[CP] Embed Pods Frameworks";
			outputFileListPaths = (
				"${PODS_ROOT}/Target Support Files/Pods-YGUITest/Pods-YGUITest-frameworks-${CONFIGURATION}-output-files.xcfilelist",
			);
			runOnlyForDeploymentPostprocessing = 0;
			shellPath = /bin/sh;
			shellScript = "\"${PODS_ROOT}/Target Support Files/Pods-YGUITest/Pods-YGUITest-frameworks.sh\"\n";
			showEnvVarsInLog = 0;
		};
/* End PBXShellScriptBuildPhase section */

/* Begin PBXSourcesBuildPhase section */
		C7829A292844F06D009B4BED /* Sources */ = {
			isa = PBXSourcesBuildPhase;
			buildActionMask = 2147483647;
			files = (
				C7829A352844F06D009B4BED /* ViewController.swift in Sources */,
				C7829A312844F06D009B4BED /* AppDelegate.swift in Sources */,
				C7829A332844F06D009B4BED /* SceneDelegate.swift in Sources */,
			);
			runOnlyForDeploymentPostprocessing = 0;
		};
		C7829A3F2844F06F009B4BED /* Sources */ = {
			isa = PBXSourcesBuildPhase;
			buildActionMask = 2147483647;
			files = (
				C7829A482844F06F009B4BED /* YGUITestTests.swift in Sources */,
			);
			runOnlyForDeploymentPostprocessing = 0;
		};
		C7829A492844F06F009B4BED /* Sources */ = {
			isa = PBXSourcesBuildPhase;
			buildActionMask = 2147483647;
			files = (
				C7829A542844F06F009B4BED /* YGUITestUITestsLaunchTests.swift in Sources */,
				C7829A522844F06F009B4BED /* YGUITestUITests.swift in Sources */,
			);
			runOnlyForDeploymentPostprocessing = 0;
		};
/* End PBXSourcesBuildPhase section */

/* Begin PBXTargetDependency section */
		C7829A452844F06F009B4BED /* PBXTargetDependency */ = {
			isa = PBXTargetDependency;
			target = C7829A2C2844F06D009B4BED /* YGUITest */;
			targetProxy = C7829A442844F06F009B4BED /* PBXContainerItemProxy */;
		};
		C7829A4F2844F06F009B4BED /* PBXTargetDependency */ = {
			isa = PBXTargetDependency;
			target = C7829A2C2844F06D009B4BED /* YGUITest */;
			targetProxy = C7829A4E2844F06F009B4BED /* PBXContainerItemProxy */;
		};
/* End PBXTargetDependency section */

/* Begin PBXVariantGroup section */
		C7829A362844F06D009B4BED /* Main.storyboard */ = {
			isa = PBXVariantGroup;
			children = (
				C7829A372844F06D009B4BED /* Base */,
			);
			name = Main.storyboard;
			sourceTree = "<group>";
		};
		C7829A3B2844F06F009B4BED /* LaunchScreen.storyboard */ = {
			isa = PBXVariantGroup;
			children = (
				C7829A3C2844F06F009B4BED /* Base */,
			);
			name = LaunchScreen.storyboard;
			sourceTree = "<group>";
		};
/* End PBXVariantGroup section */

/* Begin XCBuildConfiguration section */
		C7829A552844F06F009B4BED /* Debug */ = {
			isa = XCBuildConfiguration;
			buildSettings = {
				ALWAYS_SEARCH_USER_PATHS = NO;
				CLANG_ANALYZER_NONNULL = YES;
				CLANG_ANALYZER_NUMBER_OBJECT_CONVERSION = YES_AGGRESSIVE;
				CLANG_CXX_LANGUAGE_STANDARD = "gnu++17";
				CLANG_ENABLE_MODULES = YES;
				CLANG_ENABLE_OBJC_ARC = YES;
				CLANG_ENABLE_OBJC_WEAK = YES;
				CLANG_WARN_BLOCK_CAPTURE_AUTORELEASING = YES;
				CLANG_WARN_BOOL_CONVERSION = YES;
				CLANG_WARN_COMMA = YES;
				CLANG_WARN_CONSTANT_CONVERSION = YES;
				CLANG_WARN_DEPRECATED_OBJC_IMPLEMENTATIONS = YES;
				CLANG_WARN_DIRECT_OBJC_ISA_USAGE = YES_ERROR;
				CLANG_WARN_DOCUMENTATION_COMMENTS = YES;
				CLANG_WARN_EMPTY_BODY = YES;
				CLANG_WARN_ENUM_CONVERSION = YES;
				CLANG_WARN_INFINITE_RECURSION = YES;
				CLANG_WARN_INT_CONVERSION = YES;
				CLANG_WARN_NON_LITERAL_NULL_CONVERSION = YES;
				CLANG_WARN_OBJC_IMPLICIT_RETAIN_SELF = YES;
				CLANG_WARN_OBJC_LITERAL_CONVERSION = YES;
				CLANG_WARN_OBJC_ROOT_CLASS = YES_ERROR;
				CLANG_WARN_QUOTED_INCLUDE_IN_FRAMEWORK_HEADER = YES;
				CLANG_WARN_RANGE_LOOP_ANALYSIS = YES;
				CLANG_WARN_STRICT_PROTOTYPES = YES;
				CLANG_WARN_SUSPICIOUS_MOVE = YES;
				CLANG_WARN_UNGUARDED_AVAILABILITY = YES_AGGRESSIVE;
				CLANG_WARN_UNREACHABLE_CODE = YES;
				CLANG_WARN__DUPLICATE_METHOD_MATCH = YES;
				COPY_PHASE_STRIP = NO;
				DEBUG_INFORMATION_FORMAT = dwarf;
				ENABLE_STRICT_OBJC_MSGSEND = YES;
				ENABLE_TESTABILITY = YES;
				GCC_C_LANGUAGE_STANDARD = gnu11;
				GCC_DYNAMIC_NO_PIC = NO;
				GCC_NO_COMMON_BLOCKS = YES;
				GCC_OPTIMIZATION_LEVEL = 0;
				GCC_PREPROCESSOR_DEFINITIONS = (
					"DEBUG=1",
					"$(inherited)",
				);
				GCC_WARN_64_TO_32_BIT_CONVERSION = YES;
				GCC_WARN_ABOUT_RETURN_TYPE = YES_ERROR;
				GCC_WARN_UNDECLARED_SELECTOR = YES;
				GCC_WARN_UNINITIALIZED_AUTOS = YES_AGGRESSIVE;
				GCC_WARN_UNUSED_FUNCTION = YES;
				GCC_WARN_UNUSED_VARIABLE = YES;
				IPHONEOS_DEPLOYMENT_TARGET = 15.5;
				MTL_ENABLE_DEBUG_INFO = INCLUDE_SOURCE;
				MTL_FAST_MATH = YES;
				ONLY_ACTIVE_ARCH = YES;
				SDKROOT = iphoneos;
				SWIFT_ACTIVE_COMPILATION_CONDITIONS = DEBUG;
				SWIFT_OPTIMIZATION_LEVEL = "-Onone";
			};
			name = Debug;
		};
		C7829A562844F06F009B4BED /* Release */ = {
			isa = XCBuildConfiguration;
			buildSettings = {
				ALWAYS_SEARCH_USER_PATHS = NO;
				CLANG_ANALYZER_NONNULL = YES;
				CLANG_ANALYZER_NUMBER_OBJECT_CONVERSION = YES_AGGRESSIVE;
				CLANG_CXX_LANGUAGE_STANDARD = "gnu++17";
				CLANG_ENABLE_MODULES = YES;
				CLANG_ENABLE_OBJC_ARC = YES;
				CLANG_ENABLE_OBJC_WEAK = YES;
				CLANG_WARN_BLOCK_CAPTURE_AUTORELEASING = YES;
				CLANG_WARN_BOOL_CONVERSION = YES;
				CLANG_WARN_COMMA = YES;
				CLANG_WARN_CONSTANT_CONVERSION = YES;
				CLANG_WARN_DEPRECATED_OBJC_IMPLEMENTATIONS = YES;
				CLANG_WARN_DIRECT_OBJC_ISA_USAGE = YES_ERROR;
				CLANG_WARN_DOCUMENTATION_COMMENTS = YES;
				CLANG_WARN_EMPTY_BODY = YES;
				CLANG_WARN_ENUM_CONVERSION = YES;
				CLANG_WARN_INFINITE_RECURSION = YES;
				CLANG_WARN_INT_CONVERSION = YES;
				CLANG_WARN_NON_LITERAL_NULL_CONVERSION = YES;
				CLANG_WARN_OBJC_IMPLICIT_RETAIN_SELF = YES;
				CLANG_WARN_OBJC_LITERAL_CONVERSION = YES;
				CLANG_WARN_OBJC_ROOT_CLASS = YES_ERROR;
				CLANG_WARN_QUOTED_INCLUDE_IN_FRAMEWORK_HEADER = YES;
				CLANG_WARN_RANGE_LOOP_ANALYSIS = YES;
				CLANG_WARN_STRICT_PROTOTYPES = YES;
				CLANG_WARN_SUSPICIOUS_MOVE = YES;
				CLANG_WARN_UNGUARDED_AVAILABILITY = YES_AGGRESSIVE;
				CLANG_WARN_UNREACHABLE_CODE = YES;
				CLANG_WARN__DUPLICATE_METHOD_MATCH = YES;
				COPY_PHASE_STRIP = NO;
				DEBUG_INFORMATION_FORMAT = "dwarf-with-dsym";
				ENABLE_NS_ASSERTIONS = NO;
				ENABLE_STRICT_OBJC_MSGSEND = YES;
				GCC_C_LANGUAGE_STANDARD = gnu11;
				GCC_NO_COMMON_BLOCKS = YES;
				GCC_WARN_64_TO_32_BIT_CONVERSION = YES;
				GCC_WARN_ABOUT_RETURN_TYPE = YES_ERROR;
				GCC_WARN_UNDECLARED_SELECTOR = YES;
				GCC_WARN_UNINITIALIZED_AUTOS = YES_AGGRESSIVE;
				GCC_WARN_UNUSED_FUNCTION = YES;
				GCC_WARN_UNUSED_VARIABLE = YES;
				IPHONEOS_DEPLOYMENT_TARGET = 15.5;
				MTL_ENABLE_DEBUG_INFO = NO;
				MTL_FAST_MATH = YES;
				SDKROOT = iphoneos;
				SWIFT_COMPILATION_MODE = wholemodule;
				SWIFT_OPTIMIZATION_LEVEL = "-O";
				VALIDATE_PRODUCT = YES;
			};
			name = Release;
		};
		C7829A582844F06F009B4BED /* Debug */ = {
			isa = XCBuildConfiguration;
			baseConfigurationReference = 83A17C711BC6FA41535C080E /* Pods-YGUITest.debug.xcconfig */;
			buildSettings = {
				ASSETCATALOG_COMPILER_APPICON_NAME = AppIcon;
				ASSETCATALOG_COMPILER_GLOBAL_ACCENT_COLOR_NAME = AccentColor;
				CODE_SIGN_STYLE = Automatic;
				CURRENT_PROJECT_VERSION = 1;
				DEVELOPMENT_TEAM = W4T94USG8M;
				GENERATE_INFOPLIST_FILE = YES;
				INFOPLIST_FILE = YGUITest/Info.plist;
				INFOPLIST_KEY_UIApplicationSupportsIndirectInputEvents = YES;
				INFOPLIST_KEY_UILaunchStoryboardName = LaunchScreen;
				INFOPLIST_KEY_UIMainStoryboardFile = Main;
				INFOPLIST_KEY_UISupportedInterfaceOrientations_iPad = "UIInterfaceOrientationPortrait UIInterfaceOrientationPortraitUpsideDown UIInterfaceOrientationLandscapeLeft UIInterfaceOrientationLandscapeRight";
				INFOPLIST_KEY_UISupportedInterfaceOrientations_iPhone = "UIInterfaceOrientationPortrait UIInterfaceOrientationLandscapeLeft UIInterfaceOrientationLandscapeRight";
				LD_RUNPATH_SEARCH_PATHS = (
					"$(inherited)",
					"@executable_path/Frameworks",
				);
				MARKETING_VERSION = 1.0;
				PRODUCT_BUNDLE_IDENTIFIER = com.daddy73e.YGUITest;
				PRODUCT_NAME = "$(TARGET_NAME)";
				SWIFT_EMIT_LOC_STRINGS = YES;
				SWIFT_VERSION = 5.0;
				TARGETED_DEVICE_FAMILY = "1,2";
			};
			name = Debug;
		};
		C7829A592844F06F009B4BED /* Release */ = {
			isa = XCBuildConfiguration;
			baseConfigurationReference = 41930F460AAD3AD89C497DFE /* Pods-YGUITest.release.xcconfig */;
			buildSettings = {
				ASSETCATALOG_COMPILER_APPICON_NAME = AppIcon;
				ASSETCATALOG_COMPILER_GLOBAL_ACCENT_COLOR_NAME = AccentColor;
				CODE_SIGN_STYLE = Automatic;
				CURRENT_PROJECT_VERSION = 1;
				DEVELOPMENT_TEAM = W4T94USG8M;
				GENERATE_INFOPLIST_FILE = YES;
				INFOPLIST_FILE = YGUITest/Info.plist;
				INFOPLIST_KEY_UIApplicationSupportsIndirectInputEvents = YES;
				INFOPLIST_KEY_UILaunchStoryboardName = LaunchScreen;
				INFOPLIST_KEY_UIMainStoryboardFile = Main;
				INFOPLIST_KEY_UISupportedInterfaceOrientations_iPad = "UIInterfaceOrientationPortrait UIInterfaceOrientationPortraitUpsideDown UIInterfaceOrientationLandscapeLeft UIInterfaceOrientationLandscapeRight";
				INFOPLIST_KEY_UISupportedInterfaceOrientations_iPhone = "UIInterfaceOrientationPortrait UIInterfaceOrientationLandscapeLeft UIInterfaceOrientationLandscapeRight";
				LD_RUNPATH_SEARCH_PATHS = (
					"$(inherited)",
					"@executable_path/Frameworks",
				);
				MARKETING_VERSION = 1.0;
				PRODUCT_BUNDLE_IDENTIFIER = com.daddy73e.YGUITest;
				PRODUCT_NAME = "$(TARGET_NAME)";
				SWIFT_EMIT_LOC_STRINGS = YES;
				SWIFT_VERSION = 5.0;
				TARGETED_DEVICE_FAMILY = "1,2";
			};
			name = Release;
		};
		C7829A5B2844F06F009B4BED /* Debug */ = {
			isa = XCBuildConfiguration;
			baseConfigurationReference = 30CBB0FA103E99B9C3902A7E /* Pods-YGUITestTests.debug.xcconfig */;
			buildSettings = {
				ALWAYS_EMBED_SWIFT_STANDARD_LIBRARIES = YES;
				BUNDLE_LOADER = "$(TEST_HOST)";
				CODE_SIGN_STYLE = Automatic;
				CURRENT_PROJECT_VERSION = 1;
				DEVELOPMENT_TEAM = W4T94USG8M;
				GENERATE_INFOPLIST_FILE = YES;
				IPHONEOS_DEPLOYMENT_TARGET = 15.5;
				MARKETING_VERSION = 1.0;
				PRODUCT_BUNDLE_IDENTIFIER = com.daddy73e.YGUITestTests;
				PRODUCT_NAME = "$(TARGET_NAME)";
				SWIFT_EMIT_LOC_STRINGS = NO;
				SWIFT_VERSION = 5.0;
				TARGETED_DEVICE_FAMILY = "1,2";
				TEST_HOST = "$(BUILT_PRODUCTS_DIR)/YGUITest.app/YGUITest";
			};
			name = Debug;
		};
		C7829A5C2844F06F009B4BED /* Release */ = {
			isa = XCBuildConfiguration;
			baseConfigurationReference = C7D43D1AA8BE9F6E532B7E96 /* Pods-YGUITestTests.release.xcconfig */;
			buildSettings = {
				ALWAYS_EMBED_SWIFT_STANDARD_LIBRARIES = YES;
				BUNDLE_LOADER = "$(TEST_HOST)";
				CODE_SIGN_STYLE = Automatic;
				CURRENT_PROJECT_VERSION = 1;
				DEVELOPMENT_TEAM = W4T94USG8M;
				GENERATE_INFOPLIST_FILE = YES;
				IPHONEOS_DEPLOYMENT_TARGET = 15.5;
				MARKETING_VERSION = 1.0;
				PRODUCT_BUNDLE_IDENTIFIER = com.daddy73e.YGUITestTests;
				PRODUCT_NAME = "$(TARGET_NAME)";
				SWIFT_EMIT_LOC_STRINGS = NO;
				SWIFT_VERSION = 5.0;
				TARGETED_DEVICE_FAMILY = "1,2";
				TEST_HOST = "$(BUILT_PRODUCTS_DIR)/YGUITest.app/YGUITest";
			};
			name = Release;
		};
		C7829A5E2844F06F009B4BED /* Debug */ = {
			isa = XCBuildConfiguration;
			baseConfigurationReference = BEE61C0581029E2F2B6F8ADB /* Pods-YGUITest-YGUITestUITests.debug.xcconfig */;
			buildSettings = {
				ALWAYS_EMBED_SWIFT_STANDARD_LIBRARIES = YES;
				CODE_SIGN_STYLE = Automatic;
				CURRENT_PROJECT_VERSION = 1;
				DEVELOPMENT_TEAM = W4T94USG8M;
				GENERATE_INFOPLIST_FILE = YES;
				MARKETING_VERSION = 1.0;
				PRODUCT_BUNDLE_IDENTIFIER = com.daddy73e.YGUITestUITests;
				PRODUCT_NAME = "$(TARGET_NAME)";
				SWIFT_EMIT_LOC_STRINGS = NO;
				SWIFT_VERSION = 5.0;
				TARGETED_DEVICE_FAMILY = "1,2";
				TEST_TARGET_NAME = YGUITest;
			};
			name = Debug;
		};
		C7829A5F2844F06F009B4BED /* Release */ = {
			isa = XCBuildConfiguration;
			baseConfigurationReference = 25DD32E123783D807EC5FF59 /* Pods-YGUITest-YGUITestUITests.release.xcconfig */;
			buildSettings = {
				ALWAYS_EMBED_SWIFT_STANDARD_LIBRARIES = YES;
				CODE_SIGN_STYLE = Automatic;
				CURRENT_PROJECT_VERSION = 1;
				DEVELOPMENT_TEAM = W4T94USG8M;
				GENERATE_INFOPLIST_FILE = YES;
				MARKETING_VERSION = 1.0;
				PRODUCT_BUNDLE_IDENTIFIER = com.daddy73e.YGUITestUITests;
				PRODUCT_NAME = "$(TARGET_NAME)";
				SWIFT_EMIT_LOC_STRINGS = NO;
				SWIFT_VERSION = 5.0;
				TARGETED_DEVICE_FAMILY = "1,2";
				TEST_TARGET_NAME = YGUITest;
			};
			name = Release;
		};
/* End XCBuildConfiguration section */

/* Begin XCConfigurationList section */
		C7829A282844F06D009B4BED /* Build configuration list for PBXProject "YGUITest" */ = {
			isa = XCConfigurationList;
			buildConfigurations = (
				C7829A552844F06F009B4BED /* Debug */,
				C7829A562844F06F009B4BED /* Release */,
			);
			defaultConfigurationIsVisible = 0;
			defaultConfigurationName = Release;
		};
		C7829A572844F06F009B4BED /* Build configuration list for PBXNativeTarget "YGUITest" */ = {
			isa = XCConfigurationList;
			buildConfigurations = (
				C7829A582844F06F009B4BED /* Debug */,
				C7829A592844F06F009B4BED /* Release */,
			);
			defaultConfigurationIsVisible = 0;
			defaultConfigurationName = Release;
		};
		C7829A5A2844F06F009B4BED /* Build configuration list for PBXNativeTarget "YGUITestTests" */ = {
			isa = XCConfigurationList;
			buildConfigurations = (
				C7829A5B2844F06F009B4BED /* Debug */,
				C7829A5C2844F06F009B4BED /* Release */,
			);
			defaultConfigurationIsVisible = 0;
			defaultConfigurationName = Release;
		};
		C7829A5D2844F06F009B4BED /* Build configuration list for PBXNativeTarget "YGUITestUITests" */ = {
			isa = XCConfigurationList;
			buildConfigurations = (
				C7829A5E2844F06F009B4BED /* Debug */,
				C7829A5F2844F06F009B4BED /* Release */,
			);
			defaultConfigurationIsVisible = 0;
			defaultConfigurationName = Release;
		};
/* End XCConfigurationList section */
	};
	rootObject = C7829A252844F06D009B4BED /* Project object */;
}
